// !$*UTF8*$!
{
	archiveVersion = 1;
	classes = {
	};
	objectVersion = 56;
	objects = {

/* Begin PBXBuildFile section */
		94923BE72B230EBF00392077 /* AppDelegate.swift in Sources */ = {isa = PBXBuildFile; fileRef = 94923BE62B230EBF00392077 /* AppDelegate.swift */; };
		94923BE92B230EBF00392077 /* SceneDelegate.swift in Sources */ = {isa = PBXBuildFile; fileRef = 94923BE82B230EBF00392077 /* SceneDelegate.swift */; };
		94923BEE2B230EBF00392077 /* Main.storyboard in Resources */ = {isa = PBXBuildFile; fileRef = 94923BEC2B230EBF00392077 /* Main.storyboard */; };
		94923BF12B230EBF00392077 /* WeatherApp.xcdatamodeld in Sources */ = {isa = PBXBuildFile; fileRef = 94923BEF2B230EBF00392077 /* WeatherApp.xcdatamodeld */; };
		94923BF32B230EC100392077 /* Assets.xcassets in Resources */ = {isa = PBXBuildFile; fileRef = 94923BF22B230EC100392077 /* Assets.xcassets */; };
		94923BF62B230EC100392077 /* LaunchScreen.storyboard in Resources */ = {isa = PBXBuildFile; fileRef = 94923BF42B230EC100392077 /* LaunchScreen.storyboard */; };
		94923C012B230EC100392077 /* WeatherAppTests.swift in Sources */ = {isa = PBXBuildFile; fileRef = 94923C002B230EC100392077 /* WeatherAppTests.swift */; };
		94923C0B2B230EC100392077 /* WeatherAppUITests.swift in Sources */ = {isa = PBXBuildFile; fileRef = 94923C0A2B230EC100392077 /* WeatherAppUITests.swift */; };
		94923C0D2B230EC100392077 /* WeatherAppUITestsLaunchTests.swift in Sources */ = {isa = PBXBuildFile; fileRef = 94923C0C2B230EC100392077 /* WeatherAppUITestsLaunchTests.swift */; };
		94923C1C2B230F7D00392077 /* HomeWeatherViewController.swift in Sources */ = {isa = PBXBuildFile; fileRef = 94923C1B2B230F7D00392077 /* HomeWeatherViewController.swift */; };
		94923C202B23106300392077 /* WeatherForecastTableViewCell.swift in Sources */ = {isa = PBXBuildFile; fileRef = 94923C1E2B23106300392077 /* WeatherForecastTableViewCell.swift */; };
		94923C212B23106300392077 /* WeatherForecastTableViewCell.xib in Resources */ = {isa = PBXBuildFile; fileRef = 94923C1F2B23106300392077 /* WeatherForecastTableViewCell.xib */; };
		94923C2A2B231D5D00392077 /* TopAndBottomLabelsView.swift in Sources */ = {isa = PBXBuildFile; fileRef = 94923C292B231D5D00392077 /* TopAndBottomLabelsView.swift */; };
		94923C2C2B231D7600392077 /* TopAndBottomLabelsView.xib in Resources */ = {isa = PBXBuildFile; fileRef = 94923C2B2B231D7600392077 /* TopAndBottomLabelsView.xib */; };
		94A1668B2B23622B0006B8D3 /* WeatherModel.swift in Sources */ = {isa = PBXBuildFile; fileRef = 94A1668A2B23622B0006B8D3 /* WeatherModel.swift */; };
		94FDC55D2B236E91004A0266 /* ForecastListModel.swift in Sources */ = {isa = PBXBuildFile; fileRef = 94FDC55C2B236E91004A0266 /* ForecastListModel.swift */; };
		94FDC5602B237D43004A0266 /* LocationManager.swift in Sources */ = {isa = PBXBuildFile; fileRef = 94FDC55F2B237D43004A0266 /* LocationManager.swift */; };
		94FDC5632B237F79004A0266 /* WeatherViewModel.swift in Sources */ = {isa = PBXBuildFile; fileRef = 94FDC5622B237F79004A0266 /* WeatherViewModel.swift */; };
		94FDC5652B2383C8004A0266 /* ApiService.swift in Sources */ = {isa = PBXBuildFile; fileRef = 94FDC5642B2383C8004A0266 /* ApiService.swift */; };
		94FDC5672B244356004A0266 /* WeatherForecastHeaderView.swift in Sources */ = {isa = PBXBuildFile; fileRef = 94FDC5662B244356004A0266 /* WeatherForecastHeaderView.swift */; };
		94FDC5692B244364004A0266 /* WeatherForecastHeaderView.xib in Resources */ = {isa = PBXBuildFile; fileRef = 94FDC5682B244364004A0266 /* WeatherForecastHeaderView.xib */; };
		94FDC56C2B245BE7004A0266 /* StyleGuide.swift in Sources */ = {isa = PBXBuildFile; fileRef = 94FDC56B2B245BE7004A0266 /* StyleGuide.swift */; };
		94FDC5722B24973B004A0266 /* DBManager.swift in Sources */ = {isa = PBXBuildFile; fileRef = 94FDC5712B24973B004A0266 /* DBManager.swift */; };
		94FDC5752B249D0A004A0266 /* ForecastEntity+CoreDataClass.swift in Sources */ = {isa = PBXBuildFile; fileRef = 94FDC5732B249D0A004A0266 /* ForecastEntity+CoreDataClass.swift */; };
		94FDC5762B249D0A004A0266 /* ForecastEntity+CoreDataProperties.swift in Sources */ = {isa = PBXBuildFile; fileRef = 94FDC5742B249D0A004A0266 /* ForecastEntity+CoreDataProperties.swift */; };
		94FDC5782B24DE27004A0266 /* DateUtility.swift in Sources */ = {isa = PBXBuildFile; fileRef = 94FDC5772B24DE27004A0266 /* DateUtility.swift */; };
		94FDC57A2B262DD3004A0266 /* Utility.swift in Sources */ = {isa = PBXBuildFile; fileRef = 94FDC5792B262DD3004A0266 /* Utility.swift */; };
/* End PBXBuildFile section */

/* Begin PBXContainerItemProxy section */
		94923BFD2B230EC100392077 /* PBXContainerItemProxy */ = {
			isa = PBXContainerItemProxy;
			containerPortal = 94923BDB2B230EBF00392077 /* Project object */;
			proxyType = 1;
			remoteGlobalIDString = 94923BE22B230EBF00392077;
			remoteInfo = WeatherApp;
		};
		94923C072B230EC100392077 /* PBXContainerItemProxy */ = {
			isa = PBXContainerItemProxy;
			containerPortal = 94923BDB2B230EBF00392077 /* Project object */;
			proxyType = 1;
			remoteGlobalIDString = 94923BE22B230EBF00392077;
			remoteInfo = WeatherApp;
		};
/* End PBXContainerItemProxy section */

/* Begin PBXFileReference section */
		94923BE32B230EBF00392077 /* WeatherApp.app */ = {isa = PBXFileReference; explicitFileType = wrapper.application; includeInIndex = 0; path = WeatherApp.app; sourceTree = BUILT_PRODUCTS_DIR; };
		94923BE62B230EBF00392077 /* AppDelegate.swift */ = {isa = PBXFileReference; lastKnownFileType = sourcecode.swift; path = AppDelegate.swift; sourceTree = "<group>"; };
		94923BE82B230EBF00392077 /* SceneDelegate.swift */ = {isa = PBXFileReference; lastKnownFileType = sourcecode.swift; path = SceneDelegate.swift; sourceTree = "<group>"; };
		94923BED2B230EBF00392077 /* Base */ = {isa = PBXFileReference; lastKnownFileType = file.storyboard; name = Base; path = Base.lproj/Main.storyboard; sourceTree = "<group>"; };
		94923BF02B230EBF00392077 /* WeatherApp.xcdatamodel */ = {isa = PBXFileReference; lastKnownFileType = wrapper.xcdatamodel; path = WeatherApp.xcdatamodel; sourceTree = "<group>"; };
		94923BF22B230EC100392077 /* Assets.xcassets */ = {isa = PBXFileReference; lastKnownFileType = folder.assetcatalog; path = Assets.xcassets; sourceTree = "<group>"; };
		94923BF52B230EC100392077 /* Base */ = {isa = PBXFileReference; lastKnownFileType = file.storyboard; name = Base; path = Base.lproj/LaunchScreen.storyboard; sourceTree = "<group>"; };
		94923BF72B230EC100392077 /* Info.plist */ = {isa = PBXFileReference; lastKnownFileType = text.plist.xml; path = Info.plist; sourceTree = "<group>"; };
		94923BFC2B230EC100392077 /* WeatherAppTests.xctest */ = {isa = PBXFileReference; explicitFileType = wrapper.cfbundle; includeInIndex = 0; path = WeatherAppTests.xctest; sourceTree = BUILT_PRODUCTS_DIR; };
		94923C002B230EC100392077 /* WeatherAppTests.swift */ = {isa = PBXFileReference; lastKnownFileType = sourcecode.swift; path = WeatherAppTests.swift; sourceTree = "<group>"; };
		94923C062B230EC100392077 /* WeatherAppUITests.xctest */ = {isa = PBXFileReference; explicitFileType = wrapper.cfbundle; includeInIndex = 0; path = WeatherAppUITests.xctest; sourceTree = BUILT_PRODUCTS_DIR; };
		94923C0A2B230EC100392077 /* WeatherAppUITests.swift */ = {isa = PBXFileReference; lastKnownFileType = sourcecode.swift; path = WeatherAppUITests.swift; sourceTree = "<group>"; };
		94923C0C2B230EC100392077 /* WeatherAppUITestsLaunchTests.swift */ = {isa = PBXFileReference; lastKnownFileType = sourcecode.swift; path = WeatherAppUITestsLaunchTests.swift; sourceTree = "<group>"; };
		94923C1B2B230F7D00392077 /* HomeWeatherViewController.swift */ = {isa = PBXFileReference; lastKnownFileType = sourcecode.swift; path = HomeWeatherViewController.swift; sourceTree = "<group>"; };
		94923C1E2B23106300392077 /* WeatherForecastTableViewCell.swift */ = {isa = PBXFileReference; lastKnownFileType = sourcecode.swift; path = WeatherForecastTableViewCell.swift; sourceTree = "<group>"; };
		94923C1F2B23106300392077 /* WeatherForecastTableViewCell.xib */ = {isa = PBXFileReference; lastKnownFileType = file.xib; path = WeatherForecastTableViewCell.xib; sourceTree = "<group>"; };
		94923C292B231D5D00392077 /* TopAndBottomLabelsView.swift */ = {isa = PBXFileReference; lastKnownFileType = sourcecode.swift; path = TopAndBottomLabelsView.swift; sourceTree = "<group>"; };
		94923C2B2B231D7600392077 /* TopAndBottomLabelsView.xib */ = {isa = PBXFileReference; lastKnownFileType = file.xib; path = TopAndBottomLabelsView.xib; sourceTree = "<group>"; };
		94A1668A2B23622B0006B8D3 /* WeatherModel.swift */ = {isa = PBXFileReference; lastKnownFileType = sourcecode.swift; path = WeatherModel.swift; sourceTree = "<group>"; };
		94FDC55C2B236E91004A0266 /* ForecastListModel.swift */ = {isa = PBXFileReference; lastKnownFileType = sourcecode.swift; path = ForecastListModel.swift; sourceTree = "<group>"; };
		94FDC55F2B237D43004A0266 /* LocationManager.swift */ = {isa = PBXFileReference; lastKnownFileType = sourcecode.swift; path = LocationManager.swift; sourceTree = "<group>"; };
		94FDC5622B237F79004A0266 /* WeatherViewModel.swift */ = {isa = PBXFileReference; lastKnownFileType = sourcecode.swift; path = WeatherViewModel.swift; sourceTree = "<group>"; };
		94FDC5642B2383C8004A0266 /* ApiService.swift */ = {isa = PBXFileReference; lastKnownFileType = sourcecode.swift; path = ApiService.swift; sourceTree = "<group>"; };
		94FDC5662B244356004A0266 /* WeatherForecastHeaderView.swift */ = {isa = PBXFileReference; lastKnownFileType = sourcecode.swift; path = WeatherForecastHeaderView.swift; sourceTree = "<group>"; };
		94FDC5682B244364004A0266 /* WeatherForecastHeaderView.xib */ = {isa = PBXFileReference; lastKnownFileType = file.xib; path = WeatherForecastHeaderView.xib; sourceTree = "<group>"; };
		94FDC56B2B245BE7004A0266 /* StyleGuide.swift */ = {isa = PBXFileReference; lastKnownFileType = sourcecode.swift; path = StyleGuide.swift; sourceTree = "<group>"; };
		94FDC5712B24973B004A0266 /* DBManager.swift */ = {isa = PBXFileReference; lastKnownFileType = sourcecode.swift; path = DBManager.swift; sourceTree = "<group>"; };
		94FDC5732B249D0A004A0266 /* ForecastEntity+CoreDataClass.swift */ = {isa = PBXFileReference; lastKnownFileType = sourcecode.swift; path = "ForecastEntity+CoreDataClass.swift"; sourceTree = "<group>"; };
		94FDC5742B249D0A004A0266 /* ForecastEntity+CoreDataProperties.swift */ = {isa = PBXFileReference; lastKnownFileType = sourcecode.swift; path = "ForecastEntity+CoreDataProperties.swift"; sourceTree = "<group>"; };
		94FDC5772B24DE27004A0266 /* DateUtility.swift */ = {isa = PBXFileReference; lastKnownFileType = sourcecode.swift; path = DateUtility.swift; sourceTree = "<group>"; };
		94FDC5792B262DD3004A0266 /* Utility.swift */ = {isa = PBXFileReference; lastKnownFileType = sourcecode.swift; path = Utility.swift; sourceTree = "<group>"; };
/* End PBXFileReference section */

/* Begin PBXFrameworksBuildPhase section */
		94923BE02B230EBF00392077 /* Frameworks */ = {
			isa = PBXFrameworksBuildPhase;
			buildActionMask = 2147483647;
			files = (
			);
			runOnlyForDeploymentPostprocessing = 0;
		};
		94923BF92B230EC100392077 /* Frameworks */ = {
			isa = PBXFrameworksBuildPhase;
			buildActionMask = 2147483647;
			files = (
			);
			runOnlyForDeploymentPostprocessing = 0;
		};
		94923C032B230EC100392077 /* Frameworks */ = {
			isa = PBXFrameworksBuildPhase;
			buildActionMask = 2147483647;
			files = (
			);
			runOnlyForDeploymentPostprocessing = 0;
		};
/* End PBXFrameworksBuildPhase section */

/* Begin PBXGroup section */
		94923BDA2B230EBF00392077 = {
			isa = PBXGroup;
			children = (
				94923BE52B230EBF00392077 /* WeatherApp */,
				94923BFF2B230EC100392077 /* WeatherAppTests */,
				94923C092B230EC100392077 /* WeatherAppUITests */,
				94923BE42B230EBF00392077 /* Products */,
			);
			sourceTree = "<group>";
		};
		94923BE42B230EBF00392077 /* Products */ = {
			isa = PBXGroup;
			children = (
				94923BE32B230EBF00392077 /* WeatherApp.app */,
				94923BFC2B230EC100392077 /* WeatherAppTests.xctest */,
				94923C062B230EC100392077 /* WeatherAppUITests.xctest */,
			);
			name = Products;
			sourceTree = "<group>";
		};
		94923BE52B230EBF00392077 /* WeatherApp */ = {
			isa = PBXGroup;
			children = (
				94FDC56A2B245BCF004A0266 /* Utilities */,
				94FDC5612B237F5D004A0266 /* ViewModels */,
				94FDC55E2B237D00004A0266 /* Services */,
				94923BE62B230EBF00392077 /* AppDelegate.swift */,
				94923C192B230F2900392077 /* Storyboards */,
				94923C1A2B230F5A00392077 /* ViewControllers */,
				94923C1D2B230FD200392077 /* TableViewCells */,
				94923C282B231BD500392077 /* Views */,
				94A166892B2361EC0006B8D3 /* Models */,
				94A166872B235D870006B8D3 /* Database */,
				94923BE82B230EBF00392077 /* SceneDelegate.swift */,
				94923BF22B230EC100392077 /* Assets.xcassets */,
				94923BF42B230EC100392077 /* LaunchScreen.storyboard */,
				94923BF72B230EC100392077 /* Info.plist */,
				94923BEF2B230EBF00392077 /* WeatherApp.xcdatamodeld */,
			);
			path = WeatherApp;
			sourceTree = "<group>";
		};
		94923BFF2B230EC100392077 /* WeatherAppTests */ = {
			isa = PBXGroup;
			children = (
				94923C002B230EC100392077 /* WeatherAppTests.swift */,
			);
			path = WeatherAppTests;
			sourceTree = "<group>";
		};
		94923C092B230EC100392077 /* WeatherAppUITests */ = {
			isa = PBXGroup;
			children = (
				94923C0A2B230EC100392077 /* WeatherAppUITests.swift */,
				94923C0C2B230EC100392077 /* WeatherAppUITestsLaunchTests.swift */,
			);
			path = WeatherAppUITests;
			sourceTree = "<group>";
		};
		94923C192B230F2900392077 /* Storyboards */ = {
			isa = PBXGroup;
			children = (
				94923BEC2B230EBF00392077 /* Main.storyboard */,
			);
			path = Storyboards;
			sourceTree = "<group>";
		};
		94923C1A2B230F5A00392077 /* ViewControllers */ = {
			isa = PBXGroup;
			children = (
				94923C1B2B230F7D00392077 /* HomeWeatherViewController.swift */,
			);
			path = ViewControllers;
			sourceTree = "<group>";
		};
		94923C1D2B230FD200392077 /* TableViewCells */ = {
			isa = PBXGroup;
			children = (
				94923C1E2B23106300392077 /* WeatherForecastTableViewCell.swift */,
				94923C1F2B23106300392077 /* WeatherForecastTableViewCell.xib */,
				94FDC5662B244356004A0266 /* WeatherForecastHeaderView.swift */,
				94FDC5682B244364004A0266 /* WeatherForecastHeaderView.xib */,
			);
			path = TableViewCells;
			sourceTree = "<group>";
		};
		94923C282B231BD500392077 /* Views */ = {
			isa = PBXGroup;
			children = (
				94923C292B231D5D00392077 /* TopAndBottomLabelsView.swift */,
				94923C2B2B231D7600392077 /* TopAndBottomLabelsView.xib */,
			);
			path = Views;
			sourceTree = "<group>";
		};
		94A166872B235D870006B8D3 /* Database */ = {
			isa = PBXGroup;
			children = (
				94A166882B235D9C0006B8D3 /* DatabaseModel */,
				94FDC5712B24973B004A0266 /* DBManager.swift */,
			);
			path = Database;
			sourceTree = "<group>";
		};
		94A166882B235D9C0006B8D3 /* DatabaseModel */ = {
			isa = PBXGroup;
			children = (
				94FDC5732B249D0A004A0266 /* ForecastEntity+CoreDataClass.swift */,
				94FDC5742B249D0A004A0266 /* ForecastEntity+CoreDataProperties.swift */,
			);
			path = DatabaseModel;
			sourceTree = "<group>";
		};
		94A166892B2361EC0006B8D3 /* Models */ = {
			isa = PBXGroup;
			children = (
				94A1668A2B23622B0006B8D3 /* WeatherModel.swift */,
				94FDC55C2B236E91004A0266 /* ForecastListModel.swift */,
			);
			path = Models;
			sourceTree = "<group>";
		};
		94FDC55E2B237D00004A0266 /* Services */ = {
			isa = PBXGroup;
			children = (
				94FDC55F2B237D43004A0266 /* LocationManager.swift */,
				94FDC5642B2383C8004A0266 /* ApiService.swift */,
			);
			path = Services;
			sourceTree = "<group>";
		};
		94FDC5612B237F5D004A0266 /* ViewModels */ = {
			isa = PBXGroup;
			children = (
				94FDC5622B237F79004A0266 /* WeatherViewModel.swift */,
			);
			path = ViewModels;
			sourceTree = "<group>";
		};
		94FDC56A2B245BCF004A0266 /* Utilities */ = {
			isa = PBXGroup;
			children = (
				94FDC56B2B245BE7004A0266 /* StyleGuide.swift */,
				94FDC5772B24DE27004A0266 /* DateUtility.swift */,
				94FDC5792B262DD3004A0266 /* Utility.swift */,
			);
			path = Utilities;
			sourceTree = "<group>";
		};
/* End PBXGroup section */

/* Begin PBXNativeTarget section */
		94923BE22B230EBF00392077 /* WeatherApp */ = {
			isa = PBXNativeTarget;
			buildConfigurationList = 94923C102B230EC100392077 /* Build configuration list for PBXNativeTarget "WeatherApp" */;
			buildPhases = (
				94923BDF2B230EBF00392077 /* Sources */,
				94923BE02B230EBF00392077 /* Frameworks */,
				94923BE12B230EBF00392077 /* Resources */,
			);
			buildRules = (
			);
			dependencies = (
			);
			name = WeatherApp;
			productName = WeatherApp;
			productReference = 94923BE32B230EBF00392077 /* WeatherApp.app */;
			productType = "com.apple.product-type.application";
		};
		94923BFB2B230EC100392077 /* WeatherAppTests */ = {
			isa = PBXNativeTarget;
			buildConfigurationList = 94923C132B230EC100392077 /* Build configuration list for PBXNativeTarget "WeatherAppTests" */;
			buildPhases = (
				94923BF82B230EC100392077 /* Sources */,
				94923BF92B230EC100392077 /* Frameworks */,
				94923BFA2B230EC100392077 /* Resources */,
			);
			buildRules = (
			);
			dependencies = (
				94923BFE2B230EC100392077 /* PBXTargetDependency */,
			);
			name = WeatherAppTests;
			productName = WeatherAppTests;
			productReference = 94923BFC2B230EC100392077 /* WeatherAppTests.xctest */;
			productType = "com.apple.product-type.bundle.unit-test";
		};
		94923C052B230EC100392077 /* WeatherAppUITests */ = {
			isa = PBXNativeTarget;
			buildConfigurationList = 94923C162B230EC100392077 /* Build configuration list for PBXNativeTarget "WeatherAppUITests" */;
			buildPhases = (
				94923C022B230EC100392077 /* Sources */,
				94923C032B230EC100392077 /* Frameworks */,
				94923C042B230EC100392077 /* Resources */,
			);
			buildRules = (
			);
			dependencies = (
				94923C082B230EC100392077 /* PBXTargetDependency */,
			);
			name = WeatherAppUITests;
			productName = WeatherAppUITests;
			productReference = 94923C062B230EC100392077 /* WeatherAppUITests.xctest */;
			productType = "com.apple.product-type.bundle.ui-testing";
		};
/* End PBXNativeTarget section */

/* Begin PBXProject section */
		94923BDB2B230EBF00392077 /* Project object */ = {
			isa = PBXProject;
			attributes = {
				BuildIndependentTargetsInParallel = 1;
				LastSwiftUpdateCheck = 1420;
				LastUpgradeCheck = 1420;
				TargetAttributes = {
					94923BE22B230EBF00392077 = {
						CreatedOnToolsVersion = 14.2;
					};
					94923BFB2B230EC100392077 = {
						CreatedOnToolsVersion = 14.2;
						TestTargetID = 94923BE22B230EBF00392077;
					};
					94923C052B230EC100392077 = {
						CreatedOnToolsVersion = 14.2;
						TestTargetID = 94923BE22B230EBF00392077;
					};
				};
			};
			buildConfigurationList = 94923BDE2B230EBF00392077 /* Build configuration list for PBXProject "WeatherApp" */;
			compatibilityVersion = "Xcode 14.0";
			developmentRegion = en;
			hasScannedForEncodings = 0;
			knownRegions = (
				en,
				Base,
			);
			mainGroup = 94923BDA2B230EBF00392077;
			productRefGroup = 94923BE42B230EBF00392077 /* Products */;
			projectDirPath = "";
			projectRoot = "";
			targets = (
				94923BE22B230EBF00392077 /* WeatherApp */,
				94923BFB2B230EC100392077 /* WeatherAppTests */,
				94923C052B230EC100392077 /* WeatherAppUITests */,
			);
		};
/* End PBXProject section */

/* Begin PBXResourcesBuildPhase section */
		94923BE12B230EBF00392077 /* Resources */ = {
			isa = PBXResourcesBuildPhase;
			buildActionMask = 2147483647;
			files = (
				94923C2C2B231D7600392077 /* TopAndBottomLabelsView.xib in Resources */,
				94923BF62B230EC100392077 /* LaunchScreen.storyboard in Resources */,
				94923BF32B230EC100392077 /* Assets.xcassets in Resources */,
				94FDC5692B244364004A0266 /* WeatherForecastHeaderView.xib in Resources */,
				94923C212B23106300392077 /* WeatherForecastTableViewCell.xib in Resources */,
				94923BEE2B230EBF00392077 /* Main.storyboard in Resources */,
			);
			runOnlyForDeploymentPostprocessing = 0;
		};
		94923BFA2B230EC100392077 /* Resources */ = {
			isa = PBXResourcesBuildPhase;
			buildActionMask = 2147483647;
			files = (
			);
			runOnlyForDeploymentPostprocessing = 0;
		};
		94923C042B230EC100392077 /* Resources */ = {
			isa = PBXResourcesBuildPhase;
			buildActionMask = 2147483647;
			files = (
			);
			runOnlyForDeploymentPostprocessing = 0;
		};
/* End PBXResourcesBuildPhase section */

/* Begin PBXSourcesBuildPhase section */
		94923BDF2B230EBF00392077 /* Sources */ = {
			isa = PBXSourcesBuildPhase;
			buildActionMask = 2147483647;
			files = (
				94FDC5672B244356004A0266 /* WeatherForecastHeaderView.swift in Sources */,
				94923BF12B230EBF00392077 /* WeatherApp.xcdatamodeld in Sources */,
				94FDC57A2B262DD3004A0266 /* Utility.swift in Sources */,
				94FDC5632B237F79004A0266 /* WeatherViewModel.swift in Sources */,
				94923BE72B230EBF00392077 /* AppDelegate.swift in Sources */,
				94A1668B2B23622B0006B8D3 /* WeatherModel.swift in Sources */,
				94923C1C2B230F7D00392077 /* HomeWeatherViewController.swift in Sources */,
				94FDC56C2B245BE7004A0266 /* StyleGuide.swift in Sources */,
				94923C202B23106300392077 /* WeatherForecastTableViewCell.swift in Sources */,
				94923BE92B230EBF00392077 /* SceneDelegate.swift in Sources */,
				94FDC5752B249D0A004A0266 /* ForecastEntity+CoreDataClass.swift in Sources */,
				94FDC5722B24973B004A0266 /* DBManager.swift in Sources */,
				94FDC5602B237D43004A0266 /* LocationManager.swift in Sources */,
				94923C2A2B231D5D00392077 /* TopAndBottomLabelsView.swift in Sources */,
				94FDC5652B2383C8004A0266 /* ApiService.swift in Sources */,
				94FDC55D2B236E91004A0266 /* ForecastListModel.swift in Sources */,
				94FDC5782B24DE27004A0266 /* DateUtility.swift in Sources */,
				94FDC5762B249D0A004A0266 /* ForecastEntity+CoreDataProperties.swift in Sources */,
			);
			runOnlyForDeploymentPostprocessing = 0;
		};
		94923BF82B230EC100392077 /* Sources */ = {
			isa = PBXSourcesBuildPhase;
			buildActionMask = 2147483647;
			files = (
				94923C012B230EC100392077 /* WeatherAppTests.swift in Sources */,
			);
			runOnlyForDeploymentPostprocessing = 0;
		};
		94923C022B230EC100392077 /* Sources */ = {
			isa = PBXSourcesBuildPhase;
			buildActionMask = 2147483647;
			files = (
				94923C0B2B230EC100392077 /* WeatherAppUITests.swift in Sources */,
				94923C0D2B230EC100392077 /* WeatherAppUITestsLaunchTests.swift in Sources */,
			);
			runOnlyForDeploymentPostprocessing = 0;
		};
/* End PBXSourcesBuildPhase section */

/* Begin PBXTargetDependency section */
		94923BFE2B230EC100392077 /* PBXTargetDependency */ = {
			isa = PBXTargetDependency;
			target = 94923BE22B230EBF00392077 /* WeatherApp */;
			targetProxy = 94923BFD2B230EC100392077 /* PBXContainerItemProxy */;
		};
		94923C082B230EC100392077 /* PBXTargetDependency */ = {
			isa = PBXTargetDependency;
			target = 94923BE22B230EBF00392077 /* WeatherApp */;
			targetProxy = 94923C072B230EC100392077 /* PBXContainerItemProxy */;
		};
/* End PBXTargetDependency section */

/* Begin PBXVariantGroup section */
		94923BEC2B230EBF00392077 /* Main.storyboard */ = {
			isa = PBXVariantGroup;
			children = (
				94923BED2B230EBF00392077 /* Base */,
			);
			name = Main.storyboard;
			sourceTree = "<group>";
		};
		94923BF42B230EC100392077 /* LaunchScreen.storyboard */ = {
			isa = PBXVariantGroup;
			children = (
				94923BF52B230EC100392077 /* Base */,
			);
			name = LaunchScreen.storyboard;
			sourceTree = "<group>";
		};
/* End PBXVariantGroup section */

/* Begin XCBuildConfiguration section */
		94923C0E2B230EC100392077 /* Debug */ = {
			isa = XCBuildConfiguration;
			buildSettings = {
				ALWAYS_SEARCH_USER_PATHS = NO;
				CLANG_ANALYZER_NONNULL = YES;
				CLANG_ANALYZER_NUMBER_OBJECT_CONVERSION = YES_AGGRESSIVE;
				CLANG_CXX_LANGUAGE_STANDARD = "gnu++20";
				CLANG_ENABLE_MODULES = YES;
				CLANG_ENABLE_OBJC_ARC = YES;
				CLANG_ENABLE_OBJC_WEAK = YES;
				CLANG_WARN_BLOCK_CAPTURE_AUTORELEASING = YES;
				CLANG_WARN_BOOL_CONVERSION = YES;
				CLANG_WARN_COMMA = YES;
				CLANG_WARN_CONSTANT_CONVERSION = YES;
				CLANG_WARN_DEPRECATED_OBJC_IMPLEMENTATIONS = YES;
				CLANG_WARN_DIRECT_OBJC_ISA_USAGE = YES_ERROR;
				CLANG_WARN_DOCUMENTATION_COMMENTS = YES;
				CLANG_WARN_EMPTY_BODY = YES;
				CLANG_WARN_ENUM_CONVERSION = YES;
				CLANG_WARN_INFINITE_RECURSION = YES;
				CLANG_WARN_INT_CONVERSION = YES;
				CLANG_WARN_NON_LITERAL_NULL_CONVERSION = YES;
				CLANG_WARN_OBJC_IMPLICIT_RETAIN_SELF = YES;
				CLANG_WARN_OBJC_LITERAL_CONVERSION = YES;
				CLANG_WARN_OBJC_ROOT_CLASS = YES_ERROR;
				CLANG_WARN_QUOTED_INCLUDE_IN_FRAMEWORK_HEADER = YES;
				CLANG_WARN_RANGE_LOOP_ANALYSIS = YES;
				CLANG_WARN_STRICT_PROTOTYPES = YES;
				CLANG_WARN_SUSPICIOUS_MOVE = YES;
				CLANG_WARN_UNGUARDED_AVAILABILITY = YES_AGGRESSIVE;
				CLANG_WARN_UNREACHABLE_CODE = YES;
				CLANG_WARN__DUPLICATE_METHOD_MATCH = YES;
				COPY_PHASE_STRIP = NO;
				DEBUG_INFORMATION_FORMAT = dwarf;
				ENABLE_STRICT_OBJC_MSGSEND = YES;
				ENABLE_TESTABILITY = YES;
				GCC_C_LANGUAGE_STANDARD = gnu11;
				GCC_DYNAMIC_NO_PIC = NO;
				GCC_NO_COMMON_BLOCKS = YES;
				GCC_OPTIMIZATION_LEVEL = 0;
				GCC_PREPROCESSOR_DEFINITIONS = (
					"DEBUG=1",
					"$(inherited)",
				);
				GCC_WARN_64_TO_32_BIT_CONVERSION = YES;
				GCC_WARN_ABOUT_RETURN_TYPE = YES_ERROR;
				GCC_WARN_UNDECLARED_SELECTOR = YES;
				GCC_WARN_UNINITIALIZED_AUTOS = YES_AGGRESSIVE;
				GCC_WARN_UNUSED_FUNCTION = YES;
				GCC_WARN_UNUSED_VARIABLE = YES;
				IPHONEOS_DEPLOYMENT_TARGET = 16.2;
				MTL_ENABLE_DEBUG_INFO = INCLUDE_SOURCE;
				MTL_FAST_MATH = YES;
				ONLY_ACTIVE_ARCH = YES;
				SDKROOT = iphoneos;
				SWIFT_ACTIVE_COMPILATION_CONDITIONS = DEBUG;
				SWIFT_OPTIMIZATION_LEVEL = "-Onone";
			};
			name = Debug;
		};
		94923C0F2B230EC100392077 /* Release */ = {
			isa = XCBuildConfiguration;
			buildSettings = {
				ALWAYS_SEARCH_USER_PATHS = NO;
				CLANG_ANALYZER_NONNULL = YES;
				CLANG_ANALYZER_NUMBER_OBJECT_CONVERSION = YES_AGGRESSIVE;
				CLANG_CXX_LANGUAGE_STANDARD = "gnu++20";
				CLANG_ENABLE_MODULES = YES;
				CLANG_ENABLE_OBJC_ARC = YES;
				CLANG_ENABLE_OBJC_WEAK = YES;
				CLANG_WARN_BLOCK_CAPTURE_AUTORELEASING = YES;
				CLANG_WARN_BOOL_CONVERSION = YES;
				CLANG_WARN_COMMA = YES;
				CLANG_WARN_CONSTANT_CONVERSION = YES;
				CLANG_WARN_DEPRECATED_OBJC_IMPLEMENTATIONS = YES;
				CLANG_WARN_DIRECT_OBJC_ISA_USAGE = YES_ERROR;
				CLANG_WARN_DOCUMENTATION_COMMENTS = YES;
				CLANG_WARN_EMPTY_BODY = YES;
				CLANG_WARN_ENUM_CONVERSION = YES;
				CLANG_WARN_INFINITE_RECURSION = YES;
				CLANG_WARN_INT_CONVERSION = YES;
				CLANG_WARN_NON_LITERAL_NULL_CONVERSION = YES;
				CLANG_WARN_OBJC_IMPLICIT_RETAIN_SELF = YES;
				CLANG_WARN_OBJC_LITERAL_CONVERSION = YES;
				CLANG_WARN_OBJC_ROOT_CLASS = YES_ERROR;
				CLANG_WARN_QUOTED_INCLUDE_IN_FRAMEWORK_HEADER = YES;
				CLANG_WARN_RANGE_LOOP_ANALYSIS = YES;
				CLANG_WARN_STRICT_PROTOTYPES = YES;
				CLANG_WARN_SUSPICIOUS_MOVE = YES;
				CLANG_WARN_UNGUARDED_AVAILABILITY = YES_AGGRESSIVE;
				CLANG_WARN_UNREACHABLE_CODE = YES;
				CLANG_WARN__DUPLICATE_METHOD_MATCH = YES;
				COPY_PHASE_STRIP = NO;
				DEBUG_INFORMATION_FORMAT = "dwarf-with-dsym";
				ENABLE_NS_ASSERTIONS = NO;
				ENABLE_STRICT_OBJC_MSGSEND = YES;
				GCC_C_LANGUAGE_STANDARD = gnu11;
				GCC_NO_COMMON_BLOCKS = YES;
				GCC_WARN_64_TO_32_BIT_CONVERSION = YES;
				GCC_WARN_ABOUT_RETURN_TYPE = YES_ERROR;
				GCC_WARN_UNDECLARED_SELECTOR = YES;
				GCC_WARN_UNINITIALIZED_AUTOS = YES_AGGRESSIVE;
				GCC_WARN_UNUSED_FUNCTION = YES;
				GCC_WARN_UNUSED_VARIABLE = YES;
				IPHONEOS_DEPLOYMENT_TARGET = 16.2;
				MTL_ENABLE_DEBUG_INFO = NO;
				MTL_FAST_MATH = YES;
				SDKROOT = iphoneos;
				SWIFT_COMPILATION_MODE = wholemodule;
				SWIFT_OPTIMIZATION_LEVEL = "-O";
				VALIDATE_PRODUCT = YES;
			};
			name = Release;
		};
		94923C112B230EC100392077 /* Debug */ = {
			isa = XCBuildConfiguration;
			buildSettings = {
				ASSETCATALOG_COMPILER_APPICON_NAME = AppIcon;
				ASSETCATALOG_COMPILER_GLOBAL_ACCENT_COLOR_NAME = AccentColor;
				CODE_SIGN_STYLE = Automatic;
				CURRENT_PROJECT_VERSION = 1;
				DEVELOPMENT_TEAM = 5QBEE57R95;
				GENERATE_INFOPLIST_FILE = YES;
				INFOPLIST_FILE = WeatherApp/Info.plist;
				INFOPLIST_KEY_UIApplicationSupportsIndirectInputEvents = YES;
				INFOPLIST_KEY_UILaunchStoryboardName = LaunchScreen;
				INFOPLIST_KEY_UIMainStoryboardFile = Main;
				INFOPLIST_KEY_UISupportedInterfaceOrientations_iPad = "UIInterfaceOrientationPortrait UIInterfaceOrientationPortraitUpsideDown UIInterfaceOrientationLandscapeLeft UIInterfaceOrientationLandscapeRight";
				INFOPLIST_KEY_UISupportedInterfaceOrientations_iPhone = "UIInterfaceOrientationPortrait UIInterfaceOrientationLandscapeLeft UIInterfaceOrientationLandscapeRight";
				LD_RUNPATH_SEARCH_PATHS = (
					"$(inherited)",
					"@executable_path/Frameworks",
				);
				MARKETING_VERSION = 1.0;
				PRODUCT_BUNDLE_IDENTIFIER = com.personal.WeatherApp;
				PRODUCT_NAME = "$(TARGET_NAME)";
				SWIFT_EMIT_LOC_STRINGS = YES;
				SWIFT_VERSION = 5.0;
				TARGETED_DEVICE_FAMILY = "1,2";
			};
			name = Debug;
		};
		94923C122B230EC100392077 /* Release */ = {
			isa = XCBuildConfiguration;
			buildSettings = {
				ASSETCATALOG_COMPILER_APPICON_NAME = AppIcon;
				ASSETCATALOG_COMPILER_GLOBAL_ACCENT_COLOR_NAME = AccentColor;
				CODE_SIGN_STYLE = Automatic;
				CURRENT_PROJECT_VERSION = 1;
				DEVELOPMENT_TEAM = 5QBEE57R95;
				GENERATE_INFOPLIST_FILE = YES;
				INFOPLIST_FILE = WeatherApp/Info.plist;
				INFOPLIST_KEY_UIApplicationSupportsIndirectInputEvents = YES;
				INFOPLIST_KEY_UILaunchStoryboardName = LaunchScreen;
				INFOPLIST_KEY_UIMainStoryboardFile = Main;
				INFOPLIST_KEY_UISupportedInterfaceOrientations_iPad = "UIInterfaceOrientationPortrait UIInterfaceOrientationPortraitUpsideDown UIInterfaceOrientationLandscapeLeft UIInterfaceOrientationLandscapeRight";
				INFOPLIST_KEY_UISupportedInterfaceOrientations_iPhone = "UIInterfaceOrientationPortrait UIInterfaceOrientationLandscapeLeft UIInterfaceOrientationLandscapeRight";
				LD_RUNPATH_SEARCH_PATHS = (
					"$(inherited)",
					"@executable_path/Frameworks",
				);
				MARKETING_VERSION = 1.0;
				PRODUCT_BUNDLE_IDENTIFIER = com.personal.WeatherApp;
				PRODUCT_NAME = "$(TARGET_NAME)";
				SWIFT_EMIT_LOC_STRINGS = YES;
				SWIFT_VERSION = 5.0;
				TARGETED_DEVICE_FAMILY = "1,2";
			};
			name = Release;
		};
		94923C142B230EC100392077 /* Debug */ = {
			isa = XCBuildConfiguration;
			buildSettings = {
				ALWAYS_EMBED_SWIFT_STANDARD_LIBRARIES = YES;
				BUNDLE_LOADER = "$(TEST_HOST)";
				CODE_SIGN_STYLE = Automatic;
				CURRENT_PROJECT_VERSION = 1;
				DEVELOPMENT_TEAM = 5QBEE57R95;
				GENERATE_INFOPLIST_FILE = YES;
				IPHONEOS_DEPLOYMENT_TARGET = 16.2;
				MARKETING_VERSION = 1.0;
				PRODUCT_BUNDLE_IDENTIFIER = com.personal.WeatherAppTests;
				PRODUCT_NAME = "$(TARGET_NAME)";
				SWIFT_EMIT_LOC_STRINGS = NO;
				SWIFT_VERSION = 5.0;
				TARGETED_DEVICE_FAMILY = "1,2";
				TEST_HOST = "$(BUILT_PRODUCTS_DIR)/WeatherApp.app/$(BUNDLE_EXECUTABLE_FOLDER_PATH)/WeatherApp";
			};
			name = Debug;
		};
		94923C152B230EC100392077 /* Release */ = {
			isa = XCBuildConfiguration;
			buildSettings = {
				ALWAYS_EMBED_SWIFT_STANDARD_LIBRARIES = YES;
				BUNDLE_LOADER = "$(TEST_HOST)";
				CODE_SIGN_STYLE = Automatic;
				CURRENT_PROJECT_VERSION = 1;
				DEVELOPMENT_TEAM = 5QBEE57R95;
				GENERATE_INFOPLIST_FILE = YES;
				IPHONEOS_DEPLOYMENT_TARGET = 16.2;
				MARKETING_VERSION = 1.0;
				PRODUCT_BUNDLE_IDENTIFIER = com.personal.WeatherAppTests;
				PRODUCT_NAME = "$(TARGET_NAME)";
				SWIFT_EMIT_LOC_STRINGS = NO;
				SWIFT_VERSION = 5.0;
				TARGETED_DEVICE_FAMILY = "1,2";
				TEST_HOST = "$(BUILT_PRODUCTS_DIR)/WeatherApp.app/$(BUNDLE_EXECUTABLE_FOLDER_PATH)/WeatherApp";
			};
			name = Release;
		};
		94923C172B230EC100392077 /* Debug */ = {
			isa = XCBuildConfiguration;
			buildSettings = {
				ALWAYS_EMBED_SWIFT_STANDARD_LIBRARIES = YES;
				CODE_SIGN_STYLE = Automatic;
				CURRENT_PROJECT_VERSION = 1;
				DEVELOPMENT_TEAM = 5QBEE57R95;
				GENERATE_INFOPLIST_FILE = YES;
				MARKETING_VERSION = 1.0;
				PRODUCT_BUNDLE_IDENTIFIER = com.personal.WeatherAppUITests;
				PRODUCT_NAME = "$(TARGET_NAME)";
				SWIFT_EMIT_LOC_STRINGS = NO;
				SWIFT_VERSION = 5.0;
				TARGETED_DEVICE_FAMILY = "1,2";
				TEST_TARGET_NAME = WeatherApp;
			};
			name = Debug;
		};
		94923C182B230EC100392077 /* Release */ = {
			isa = XCBuildConfiguration;
			buildSettings = {
				ALWAYS_EMBED_SWIFT_STANDARD_LIBRARIES = YES;
				CODE_SIGN_STYLE = Automatic;
				CURRENT_PROJECT_VERSION = 1;
				DEVELOPMENT_TEAM = 5QBEE57R95;
				GENERATE_INFOPLIST_FILE = YES;
				MARKETING_VERSION = 1.0;
				PRODUCT_BUNDLE_IDENTIFIER = com.personal.WeatherAppUITests;
				PRODUCT_NAME = "$(TARGET_NAME)";
				SWIFT_EMIT_LOC_STRINGS = NO;
				SWIFT_VERSION = 5.0;
				TARGETED_DEVICE_FAMILY = "1,2";
				TEST_TARGET_NAME = WeatherApp;
			};
			name = Release;
		};
/* End XCBuildConfiguration section */

/* Begin XCConfigurationList section */
		94923BDE2B230EBF00392077 /* Build configuration list for PBXProject "WeatherApp" */ = {
			isa = XCConfigurationList;
			buildConfigurations = (
				94923C0E2B230EC100392077 /* Debug */,
				94923C0F2B230EC100392077 /* Release */,
			);
			defaultConfigurationIsVisible = 0;
			defaultConfigurationName = Release;
		};
		94923C102B230EC100392077 /* Build configuration list for PBXNativeTarget "WeatherApp" */ = {
			isa = XCConfigurationList;
			buildConfigurations = (
				94923C112B230EC100392077 /* Debug */,
				94923C122B230EC100392077 /* Release */,
			);
			defaultConfigurationIsVisible = 0;
			defaultConfigurationName = Release;
		};
		94923C132B230EC100392077 /* Build configuration list for PBXNativeTarget "WeatherAppTests" */ = {
			isa = XCConfigurationList;
			buildConfigurations = (
				94923C142B230EC100392077 /* Debug */,
				94923C152B230EC100392077 /* Release */,
			);
			defaultConfigurationIsVisible = 0;
			defaultConfigurationName = Release;
		};
		94923C162B230EC100392077 /* Build configuration list for PBXNativeTarget "WeatherAppUITests" */ = {
			isa = XCConfigurationList;
			buildConfigurations = (
				94923C172B230EC100392077 /* Debug */,
				94923C182B230EC100392077 /* Release */,
			);
			defaultConfigurationIsVisible = 0;
			defaultConfigurationName = Release;
		};
/* End XCConfigurationList section */

/* Begin XCVersionGroup section */
		94923BEF2B230EBF00392077 /* WeatherApp.xcdatamodeld */ = {
			isa = XCVersionGroup;
			children = (
				94923BF02B230EBF00392077 /* WeatherApp.xcdatamodel */,
			);
			currentVersion = 94923BF02B230EBF00392077 /* WeatherApp.xcdatamodel */;
			path = WeatherApp.xcdatamodeld;
			sourceTree = "<group>";
			versionGroupType = wrapper.xcdatamodel;
		};
/* End XCVersionGroup section */
	};
	rootObject = 94923BDB2B230EBF00392077 /* Project object */;
}
